
Microsoft Visual Studio Solution File, Format Version 12.00
# Visual Studio Version 17
VisualStudioVersion = 17.12.35728.132
MinimumVisualStudioVersion = 10.0.40219.1
Project("{FAE04EC0-301F-11D3-BF4B-00C04F79EFBC}") = "QuickTestProject", "QuickTestProject\QuickTestProject.csproj", "{8BAE068F-59AE-4405-8179-55D600C6743C}"
EndProject
Project("{FAE04EC0-301F-11D3-BF4B-00C04F79EFBC}") = "QuickTickLib", "QuickTickLib\QuickTickLib.csproj", "{B3B62613-06BD-45B4-95F0-1F0076D1B41E}"
EndProject
Project("{FAE04EC0-301F-11D3-BF4B-00C04F79EFBC}") = "QuickTickTestnet48", "QuickTickTestnet48\QuickTickTestnet48.csproj", "{9278F7A8-FCCE-4F56-B2FE-24B44F004E28}"
EndProject
Project("{FAE04EC0-301F-11D3-BF4B-00C04F79EFBC}") = "QuickTickTestnet8", "QuickTickTestnet8\QuickTickTestnet8.csproj", "{725C3F05-2B47-4221-99E1-4C431525F21D}"
EndProject
Global
	GlobalSection(SolutionConfigurationPlatforms) = preSolution
		Debug|Any CPU = Debug|Any CPU
		Release|Any CPU = Release|Any CPU
	EndGlobalSection
	GlobalSection(ProjectConfigurationPlatforms) = postSolution
		{8BAE068F-59AE-4405-8179-55D600C6743C}.Debug|Any CPU.ActiveCfg = Debug|Any CPU
		{8BAE068F-59AE-4405-8179-55D600C6743C}.Debug|Any CPU.Build.0 = Debug|Any CPU
		{8BAE068F-59AE-4405-8179-55D600C6743C}.Release|Any CPU.ActiveCfg = Release|Any CPU
		{8BAE068F-59AE-4405-8179-55D600C6743C}.Release|Any CPU.Build.0 = Release|Any CPU
		{B3B62613-06BD-45B4-95F0-1F0076D1B41E}.Debug|Any CPU.ActiveCfg = Debug|Any CPU
		{B3B62613-06BD-45B4-95F0-1F0076D1B41E}.Debug|Any CPU.Build.0 = Debug|Any CPU
		{B3B62613-06BD-45B4-95F0-1F0076D1B41E}.Release|Any CPU.ActiveCfg = Release|Any CPU
		{B3B62613-06BD-45B4-95F0-1F0076D1B41E}.Release|Any CPU.Build.0 = Release|Any CPU
		{9278F7A8-FCCE-4F56-B2FE-24B44F004E28}.Debug|Any CPU.ActiveCfg = Debug|Any CPU
		{9278F7A8-FCCE-4F56-B2FE-24B44F004E28}.Debug|Any CPU.Build.0 = Debug|Any CPU
		{9278F7A8-FCCE-4F56-B2FE-24B44F004E28}.Release|Any CPU.ActiveCfg = Release|Any CPU
		{9278F7A8-FCCE-4F56-B2FE-24B44F004E28}.Release|Any CPU.Build.0 = Release|Any CPU
		{725C3F05-2B47-4221-99E1-4C431525F21D}.Debug|Any CPU.ActiveCfg = Debug|Any CPU
		{725C3F05-2B47-4221-99E1-4C431525F21D}.Debug|Any CPU.Build.0 = Debug|Any CPU
		{725C3F05-2B47-4221-99E1-4C431525F21D}.Release|Any CPU.ActiveCfg = Release|Any CPU
		{725C3F05-2B47-4221-99E1-4C431525F21D}.Release|Any CPU.Build.0 = Release|Any CPU
	EndGlobalSection
	GlobalSection(SolutionProperties) = preSolution
		HideSolutionNode = FALSE
	EndGlobalSection
EndGlobal
